
Microsoft Visual Studio Solution File, Format Version 12.00
# Visual Studio Version 17
VisualStudioVersion = 17.8.34330.188
MinimumVisualStudioVersion = 10.0.40219.1
Project("{FAE04EC0-301F-11D3-BF4B-00C04F79EFBC}") = "Questions", "Questions\Questions.csproj", "{F937CD77-3E8F-4E83-B284-F016E88F7B96}"
EndProject
Global
	GlobalSection(SolutionConfigurationPlatforms) = preSolution
		Debug|Any CPU = Debug|Any CPU
		Release|Any CPU = Release|Any CPU
	EndGlobalSection
	GlobalSection(ProjectConfigurationPlatforms) = postSolution
		{F937CD77-3E8F-4E83-B284-F016E88F7B96}.Debug|Any CPU.ActiveCfg = Debug|Any CPU
		{F937CD77-3E8F-4E83-B284-F016E88F7B96}.Debug|Any CPU.Build.0 = Debug|Any CPU
		{F937CD77-3E8F-4E83-B284-F016E88F7B96}.Release|Any CPU.ActiveCfg = Release|Any CPU
		{F937CD77-3E8F-4E83-B284-F016E88F7B96}.Release|Any CPU.Build.0 = Release|Any CPU
	EndGlobalSection
	GlobalSection(SolutionProperties) = preSolution
		HideSolutionNode = FALSE
	EndGlobalSection
	GlobalSection(ExtensibilityGlobals) = postSolution
		SolutionGuid = {25627ABE-050C-44BC-BE85-CD32730282FF}
	EndGlobalSection
EndGlobal
