
Microsoft Visual Studio Solution File, Format Version 12.00
# Visual Studio Version 17
VisualStudioVersion = 17.5.33502.453
MinimumVisualStudioVersion = 10.0.40219.1
Project("{9A19103F-16F7-4668-BE54-9A1E7A4F7556}") = "Nagybeadandó", "Nagybeadandó\Nagybeadandó.csproj", "{178629D9-615C-4E9A-BC58-006AE49349CD}"
EndProject
Project("{FAE04EC0-301F-11D3-BF4B-00C04F79EFBC}") = "TestProject1", "TestProject1\TestProject1.csproj", "{16A73E78-C64F-415E-9A90-C0BC0BBCE8B8}"
	ProjectSection(ProjectDependencies) = postProject
		{178629D9-615C-4E9A-BC58-006AE49349CD} = {178629D9-615C-4E9A-BC58-006AE49349CD}
	EndProjectSection
EndProject
Global
	GlobalSection(SolutionConfigurationPlatforms) = preSolution
		Debug|Any CPU = Debug|Any CPU
		Release|Any CPU = Release|Any CPU
	EndGlobalSection
	GlobalSection(ProjectConfigurationPlatforms) = postSolution
		{178629D9-615C-4E9A-BC58-006AE49349CD}.Debug|Any CPU.ActiveCfg = Debug|Any CPU
		{178629D9-615C-4E9A-BC58-006AE49349CD}.Debug|Any CPU.Build.0 = Debug|Any CPU
		{178629D9-615C-4E9A-BC58-006AE49349CD}.Release|Any CPU.ActiveCfg = Release|Any CPU
		{178629D9-615C-4E9A-BC58-006AE49349CD}.Release|Any CPU.Build.0 = Release|Any CPU
		{16A73E78-C64F-415E-9A90-C0BC0BBCE8B8}.Debug|Any CPU.ActiveCfg = Debug|Any CPU
		{16A73E78-C64F-415E-9A90-C0BC0BBCE8B8}.Debug|Any CPU.Build.0 = Debug|Any CPU
		{16A73E78-C64F-415E-9A90-C0BC0BBCE8B8}.Release|Any CPU.ActiveCfg = Release|Any CPU
		{16A73E78-C64F-415E-9A90-C0BC0BBCE8B8}.Release|Any CPU.Build.0 = Release|Any CPU
	EndGlobalSection
	GlobalSection(SolutionProperties) = preSolution
		HideSolutionNode = FALSE
	EndGlobalSection
	GlobalSection(ExtensibilityGlobals) = postSolution
		SolutionGuid = {767FF86E-D7E2-457C-A27E-81FCD4EB633A}
	EndGlobalSection
EndGlobal
