
Microsoft Visual Studio Solution File, Format Version 12.00
# Visual Studio Version 17
VisualStudioVersion = 17.8.34330.188
MinimumVisualStudioVersion = 10.0.40219.1
Project("{9A19103F-16F7-4668-BE54-9A1E7A4F7556}") = "BlackHole.Maui", "BlackHole.Maui\BlackHole.Maui.csproj", "{74033C58-0618-4C96-BDA1-767FF1BAB357}"
EndProject
Project("{9A19103F-16F7-4668-BE54-9A1E7A4F7556}") = "BlackHole", "BlackHole\BlackHole.csproj", "{3E06B028-C530-4FD3-B8DF-DFC66828AD63}"
EndProject
Project("{9A19103F-16F7-4668-BE54-9A1E7A4F7556}") = "BlackHoleTest", "BlackHoleTest\BlackHoleTest.csproj", "{39E5FC99-3810-44DC-8BB7-874ED08831B8}"
EndProject
Global
	GlobalSection(SolutionConfigurationPlatforms) = preSolution
		Debug|Any CPU = Debug|Any CPU
		Release|Any CPU = Release|Any CPU
	EndGlobalSection
	GlobalSection(ProjectConfigurationPlatforms) = postSolution
		{74033C58-0618-4C96-BDA1-767FF1BAB357}.Debug|Any CPU.ActiveCfg = Debug|Any CPU
		{74033C58-0618-4C96-BDA1-767FF1BAB357}.Debug|Any CPU.Build.0 = Debug|Any CPU
		{74033C58-0618-4C96-BDA1-767FF1BAB357}.Debug|Any CPU.Deploy.0 = Debug|Any CPU
		{74033C58-0618-4C96-BDA1-767FF1BAB357}.Release|Any CPU.ActiveCfg = Release|Any CPU
		{74033C58-0618-4C96-BDA1-767FF1BAB357}.Release|Any CPU.Build.0 = Release|Any CPU
		{74033C58-0618-4C96-BDA1-767FF1BAB357}.Release|Any CPU.Deploy.0 = Release|Any CPU
		{3E06B028-C530-4FD3-B8DF-DFC66828AD63}.Debug|Any CPU.ActiveCfg = Debug|Any CPU
		{3E06B028-C530-4FD3-B8DF-DFC66828AD63}.Debug|Any CPU.Build.0 = Debug|Any CPU
		{3E06B028-C530-4FD3-B8DF-DFC66828AD63}.Release|Any CPU.ActiveCfg = Release|Any CPU
		{3E06B028-C530-4FD3-B8DF-DFC66828AD63}.Release|Any CPU.Build.0 = Release|Any CPU
		{39E5FC99-3810-44DC-8BB7-874ED08831B8}.Debug|Any CPU.ActiveCfg = Debug|Any CPU
		{39E5FC99-3810-44DC-8BB7-874ED08831B8}.Debug|Any CPU.Build.0 = Debug|Any CPU
		{39E5FC99-3810-44DC-8BB7-874ED08831B8}.Release|Any CPU.ActiveCfg = Release|Any CPU
		{39E5FC99-3810-44DC-8BB7-874ED08831B8}.Release|Any CPU.Build.0 = Release|Any CPU
	EndGlobalSection
	GlobalSection(SolutionProperties) = preSolution
		HideSolutionNode = FALSE
	EndGlobalSection
	GlobalSection(ExtensibilityGlobals) = postSolution
		SolutionGuid = {8CE95F78-E244-403E-9D9C-54E15E19E58D}
	EndGlobalSection
EndGlobal
